
Microsoft Visual Studio Solution File, Format Version 12.00
# Visual Studio Version 17
VisualStudioVersion = 17.5.2.0
MinimumVisualStudioVersion = 10.0.40219.1
Project("{2150E333-8FDC-42A3-9474-1A3956D46DE8}") = "Week01", "Week01", "{D4176A17-D7E5-9C19-FD5F-8803B1692ECF}"
EndProject
Project("{FAE04EC0-301F-11D3-BF4B-00C04F79EFBC}") = "les1", "Week01\les1\les1.csproj", "{F0D6C3B8-D7C4-466A-54D4-6EB613A629A3}"
EndProject
Project("{FAE04EC0-301F-11D3-BF4B-00C04F79EFBC}") = "Les2", "Week01\Les2\Les2.csproj", "{50B17199-B20C-4E57-9C26-3CC9195C70D8}"
EndProject
Project("{2150E333-8FDC-42A3-9474-1A3956D46DE8}") = "Week02", "Week02", "{47F0952E-E1B9-47D6-AA8A-37CDF0B459BC}"
EndProject
Project("{FAE04EC0-301F-11D3-BF4B-00C04F79EFBC}") = "les1", "Week02\les1\les1.csproj", "{D7CDBD5C-7644-44F0-A783-89612FC274A4}"
EndProject
Project("{FAE04EC0-301F-11D3-BF4B-00C04F79EFBC}") = "les2", "Week02\les2\les2.csproj", "{3FDA9C6B-39AF-4980-A5FF-1817C2278623}"
EndProject
Project("{FAE04EC0-301F-11D3-BF4B-00C04F79EFBC}") = "ReferenceQuize", "Week02\ReferenceQuize\ReferenceQuize.csproj", "{AC4EE472-DC6A-445F-989E-E0287DB1E62C}"
EndProject
Project("{2150E333-8FDC-42A3-9474-1A3956D46DE8}") = "Week03", "Week03", "{A837B970-622F-4200-BC68-AEE695F17898}"
EndProject
Project("{FAE04EC0-301F-11D3-BF4B-00C04F79EFBC}") = "Les1", "Week03\Les1\Les1.csproj", "{CCF5CBD4-1A4C-4CE4-A829-4F11DD1676B5}"
EndProject
Project("{2150E333-8FDC-42A3-9474-1A3956D46DE8}") = "Week04", "Week04", "{AE61C528-FF0A-A1A2-0584-FA705841A90E}"
EndProject
Project("{FAE04EC0-301F-11D3-BF4B-00C04F79EFBC}") = "W4_01", "Week04\W4_01\W4_01.csproj", "{8266700B-2BE1-4B48-A392-33AD1834AB1E}"
EndProject
Project("{FAE04EC0-301F-11D3-BF4B-00C04F79EFBC}") = "Les_2", "Week04\Les_2\Les_2.csproj", "{54662858-4C72-42D5-9122-BC3CDC3E7B80}"
EndProject
Project("{2150E333-8FDC-42A3-9474-1A3956D46DE8}") = "Week05", "Week05", "{1E7C7822-1A97-FCE8-C1CC-7282E8F41E48}"
EndProject
Project("{FAE04EC0-301F-11D3-BF4B-00C04F79EFBC}") = "les1", "Week05\les1\les1.csproj", "{A4EB46CA-1662-45D9-B0CF-CBE8BB8160E6}"
EndProject
Project("{FAE04EC0-301F-11D3-BF4B-00C04F79EFBC}") = "les2", "Week05\les2\les2.csproj", "{5375D379-F6FC-4A53-9A8A-457F2A30162F}"
EndProject
Global
	GlobalSection(SolutionConfigurationPlatforms) = preSolution
		Debug|Any CPU = Debug|Any CPU
		Debug|x64 = Debug|x64
		Debug|x86 = Debug|x86
		Release|Any CPU = Release|Any CPU
		Release|x64 = Release|x64
		Release|x86 = Release|x86
	EndGlobalSection
	GlobalSection(ProjectConfigurationPlatforms) = postSolution
		{F0D6C3B8-D7C4-466A-54D4-6EB613A629A3}.Debug|Any CPU.ActiveCfg = Debug|Any CPU
		{F0D6C3B8-D7C4-466A-54D4-6EB613A629A3}.Debug|Any CPU.Build.0 = Debug|Any CPU
		{F0D6C3B8-D7C4-466A-54D4-6EB613A629A3}.Debug|x64.ActiveCfg = Debug|Any CPU
		{F0D6C3B8-D7C4-466A-54D4-6EB613A629A3}.Debug|x64.Build.0 = Debug|Any CPU
		{F0D6C3B8-D7C4-466A-54D4-6EB613A629A3}.Debug|x86.ActiveCfg = Debug|Any CPU
		{F0D6C3B8-D7C4-466A-54D4-6EB613A629A3}.Debug|x86.Build.0 = Debug|Any CPU
		{F0D6C3B8-D7C4-466A-54D4-6EB613A629A3}.Release|Any CPU.ActiveCfg = Release|Any CPU
		{F0D6C3B8-D7C4-466A-54D4-6EB613A629A3}.Release|Any CPU.Build.0 = Release|Any CPU
		{F0D6C3B8-D7C4-466A-54D4-6EB613A629A3}.Release|x64.ActiveCfg = Release|Any CPU
		{F0D6C3B8-D7C4-466A-54D4-6EB613A629A3}.Release|x64.Build.0 = Release|Any CPU
		{F0D6C3B8-D7C4-466A-54D4-6EB613A629A3}.Release|x86.ActiveCfg = Release|Any CPU
		{F0D6C3B8-D7C4-466A-54D4-6EB613A629A3}.Release|x86.Build.0 = Release|Any CPU
		{50B17199-B20C-4E57-9C26-3CC9195C70D8}.Debug|Any CPU.ActiveCfg = Debug|Any CPU
		{50B17199-B20C-4E57-9C26-3CC9195C70D8}.Debug|Any CPU.Build.0 = Debug|Any CPU
		{50B17199-B20C-4E57-9C26-3CC9195C70D8}.Debug|x64.ActiveCfg = Debug|Any CPU
		{50B17199-B20C-4E57-9C26-3CC9195C70D8}.Debug|x64.Build.0 = Debug|Any CPU
		{50B17199-B20C-4E57-9C26-3CC9195C70D8}.Debug|x86.ActiveCfg = Debug|Any CPU
		{50B17199-B20C-4E57-9C26-3CC9195C70D8}.Debug|x86.Build.0 = Debug|Any CPU
		{50B17199-B20C-4E57-9C26-3CC9195C70D8}.Release|Any CPU.ActiveCfg = Release|Any CPU
		{50B17199-B20C-4E57-9C26-3CC9195C70D8}.Release|Any CPU.Build.0 = Release|Any CPU
		{50B17199-B20C-4E57-9C26-3CC9195C70D8}.Release|x64.ActiveCfg = Release|Any CPU
		{50B17199-B20C-4E57-9C26-3CC9195C70D8}.Release|x64.Build.0 = Release|Any CPU
		{50B17199-B20C-4E57-9C26-3CC9195C70D8}.Release|x86.ActiveCfg = Release|Any CPU
		{50B17199-B20C-4E57-9C26-3CC9195C70D8}.Release|x86.Build.0 = Release|Any CPU
		{D7CDBD5C-7644-44F0-A783-89612FC274A4}.Debug|Any CPU.ActiveCfg = Debug|Any CPU
		{D7CDBD5C-7644-44F0-A783-89612FC274A4}.Debug|Any CPU.Build.0 = Debug|Any CPU
		{D7CDBD5C-7644-44F0-A783-89612FC274A4}.Debug|x64.ActiveCfg = Debug|Any CPU
		{D7CDBD5C-7644-44F0-A783-89612FC274A4}.Debug|x64.Build.0 = Debug|Any CPU
		{D7CDBD5C-7644-44F0-A783-89612FC274A4}.Debug|x86.ActiveCfg = Debug|Any CPU
		{D7CDBD5C-7644-44F0-A783-89612FC274A4}.Debug|x86.Build.0 = Debug|Any CPU
		{D7CDBD5C-7644-44F0-A783-89612FC274A4}.Release|Any CPU.ActiveCfg = Release|Any CPU
		{D7CDBD5C-7644-44F0-A783-89612FC274A4}.Release|Any CPU.Build.0 = Release|Any CPU
		{D7CDBD5C-7644-44F0-A783-89612FC274A4}.Release|x64.ActiveCfg = Release|Any CPU
		{D7CDBD5C-7644-44F0-A783-89612FC274A4}.Release|x64.Build.0 = Release|Any CPU
		{D7CDBD5C-7644-44F0-A783-89612FC274A4}.Release|x86.ActiveCfg = Release|Any CPU
		{D7CDBD5C-7644-44F0-A783-89612FC274A4}.Release|x86.Build.0 = Release|Any CPU
		{3FDA9C6B-39AF-4980-A5FF-1817C2278623}.Debug|Any CPU.ActiveCfg = Debug|Any CPU
		{3FDA9C6B-39AF-4980-A5FF-1817C2278623}.Debug|Any CPU.Build.0 = Debug|Any CPU
		{3FDA9C6B-39AF-4980-A5FF-1817C2278623}.Debug|x64.ActiveCfg = Debug|Any CPU
		{3FDA9C6B-39AF-4980-A5FF-1817C2278623}.Debug|x64.Build.0 = Debug|Any CPU
		{3FDA9C6B-39AF-4980-A5FF-1817C2278623}.Debug|x86.ActiveCfg = Debug|Any CPU
		{3FDA9C6B-39AF-4980-A5FF-1817C2278623}.Debug|x86.Build.0 = Debug|Any CPU
		{3FDA9C6B-39AF-4980-A5FF-1817C2278623}.Release|Any CPU.ActiveCfg = Release|Any CPU
		{3FDA9C6B-39AF-4980-A5FF-1817C2278623}.Release|Any CPU.Build.0 = Release|Any CPU
		{3FDA9C6B-39AF-4980-A5FF-1817C2278623}.Release|x64.ActiveCfg = Release|Any CPU
		{3FDA9C6B-39AF-4980-A5FF-1817C2278623}.Release|x64.Build.0 = Release|Any CPU
		{3FDA9C6B-39AF-4980-A5FF-1817C2278623}.Release|x86.ActiveCfg = Release|Any CPU
		{3FDA9C6B-39AF-4980-A5FF-1817C2278623}.Release|x86.Build.0 = Release|Any CPU
		{AC4EE472-DC6A-445F-989E-E0287DB1E62C}.Debug|Any CPU.ActiveCfg = Debug|Any CPU
		{AC4EE472-DC6A-445F-989E-E0287DB1E62C}.Debug|Any CPU.Build.0 = Debug|Any CPU
		{AC4EE472-DC6A-445F-989E-E0287DB1E62C}.Debug|x64.ActiveCfg = Debug|Any CPU
		{AC4EE472-DC6A-445F-989E-E0287DB1E62C}.Debug|x64.Build.0 = Debug|Any CPU
		{AC4EE472-DC6A-445F-989E-E0287DB1E62C}.Debug|x86.ActiveCfg = Debug|Any CPU
		{AC4EE472-DC6A-445F-989E-E0287DB1E62C}.Debug|x86.Build.0 = Debug|Any CPU
		{AC4EE472-DC6A-445F-989E-E0287DB1E62C}.Release|Any CPU.ActiveCfg = Release|Any CPU
		{AC4EE472-DC6A-445F-989E-E0287DB1E62C}.Release|Any CPU.Build.0 = Release|Any CPU
		{AC4EE472-DC6A-445F-989E-E0287DB1E62C}.Release|x64.ActiveCfg = Release|Any CPU
		{AC4EE472-DC6A-445F-989E-E0287DB1E62C}.Release|x64.Build.0 = Release|Any CPU
		{AC4EE472-DC6A-445F-989E-E0287DB1E62C}.Release|x86.ActiveCfg = Release|Any CPU
		{AC4EE472-DC6A-445F-989E-E0287DB1E62C}.Release|x86.Build.0 = Release|Any CPU
		{CCF5CBD4-1A4C-4CE4-A829-4F11DD1676B5}.Debug|Any CPU.ActiveCfg = Debug|Any CPU
		{CCF5CBD4-1A4C-4CE4-A829-4F11DD1676B5}.Debug|Any CPU.Build.0 = Debug|Any CPU
		{CCF5CBD4-1A4C-4CE4-A829-4F11DD1676B5}.Debug|x64.ActiveCfg = Debug|Any CPU
		{CCF5CBD4-1A4C-4CE4-A829-4F11DD1676B5}.Debug|x64.Build.0 = Debug|Any CPU
		{CCF5CBD4-1A4C-4CE4-A829-4F11DD1676B5}.Debug|x86.ActiveCfg = Debug|Any CPU
		{CCF5CBD4-1A4C-4CE4-A829-4F11DD1676B5}.Debug|x86.Build.0 = Debug|Any CPU
		{CCF5CBD4-1A4C-4CE4-A829-4F11DD1676B5}.Release|Any CPU.ActiveCfg = Release|Any CPU
		{CCF5CBD4-1A4C-4CE4-A829-4F11DD1676B5}.Release|Any CPU.Build.0 = Release|Any CPU
		{CCF5CBD4-1A4C-4CE4-A829-4F11DD1676B5}.Release|x64.ActiveCfg = Release|Any CPU
		{CCF5CBD4-1A4C-4CE4-A829-4F11DD1676B5}.Release|x64.Build.0 = Release|Any CPU
		{CCF5CBD4-1A4C-4CE4-A829-4F11DD1676B5}.Release|x86.ActiveCfg = Release|Any CPU
		{CCF5CBD4-1A4C-4CE4-A829-4F11DD1676B5}.Release|x86.Build.0 = Release|Any CPU
		{8266700B-2BE1-4B48-A392-33AD1834AB1E}.Debug|Any CPU.ActiveCfg = Debug|Any CPU
		{8266700B-2BE1-4B48-A392-33AD1834AB1E}.Debug|Any CPU.Build.0 = Debug|Any CPU
		{8266700B-2BE1-4B48-A392-33AD1834AB1E}.Debug|x64.ActiveCfg = Debug|Any CPU
		{8266700B-2BE1-4B48-A392-33AD1834AB1E}.Debug|x64.Build.0 = Debug|Any CPU
		{8266700B-2BE1-4B48-A392-33AD1834AB1E}.Debug|x86.ActiveCfg = Debug|Any CPU
		{8266700B-2BE1-4B48-A392-33AD1834AB1E}.Debug|x86.Build.0 = Debug|Any CPU
		{8266700B-2BE1-4B48-A392-33AD1834AB1E}.Release|Any CPU.ActiveCfg = Release|Any CPU
		{8266700B-2BE1-4B48-A392-33AD1834AB1E}.Release|Any CPU.Build.0 = Release|Any CPU
		{8266700B-2BE1-4B48-A392-33AD1834AB1E}.Release|x64.ActiveCfg = Release|Any CPU
		{8266700B-2BE1-4B48-A392-33AD1834AB1E}.Release|x64.Build.0 = Release|Any CPU
		{8266700B-2BE1-4B48-A392-33AD1834AB1E}.Release|x86.ActiveCfg = Release|Any CPU
		{8266700B-2BE1-4B48-A392-33AD1834AB1E}.Release|x86.Build.0 = Release|Any CPU
		{54662858-4C72-42D5-9122-BC3CDC3E7B80}.Debug|Any CPU.ActiveCfg = Debug|Any CPU
		{54662858-4C72-42D5-9122-BC3CDC3E7B80}.Debug|Any CPU.Build.0 = Debug|Any CPU
		{54662858-4C72-42D5-9122-BC3CDC3E7B80}.Debug|x64.ActiveCfg = Debug|Any CPU
		{54662858-4C72-42D5-9122-BC3CDC3E7B80}.Debug|x64.Build.0 = Debug|Any CPU
		{54662858-4C72-42D5-9122-BC3CDC3E7B80}.Debug|x86.ActiveCfg = Debug|Any CPU
		{54662858-4C72-42D5-9122-BC3CDC3E7B80}.Debug|x86.Build.0 = Debug|Any CPU
		{54662858-4C72-42D5-9122-BC3CDC3E7B80}.Release|Any CPU.ActiveCfg = Release|Any CPU
		{54662858-4C72-42D5-9122-BC3CDC3E7B80}.Release|Any CPU.Build.0 = Release|Any CPU
		{54662858-4C72-42D5-9122-BC3CDC3E7B80}.Release|x64.ActiveCfg = Release|Any CPU
		{54662858-4C72-42D5-9122-BC3CDC3E7B80}.Release|x64.Build.0 = Release|Any CPU
		{54662858-4C72-42D5-9122-BC3CDC3E7B80}.Release|x86.ActiveCfg = Release|Any CPU
		{54662858-4C72-42D5-9122-BC3CDC3E7B80}.Release|x86.Build.0 = Release|Any CPU
		{A4EB46CA-1662-45D9-B0CF-CBE8BB8160E6}.Debug|Any CPU.ActiveCfg = Debug|Any CPU
		{A4EB46CA-1662-45D9-B0CF-CBE8BB8160E6}.Debug|Any CPU.Build.0 = Debug|Any CPU
		{A4EB46CA-1662-45D9-B0CF-CBE8BB8160E6}.Debug|x64.ActiveCfg = Debug|Any CPU
		{A4EB46CA-1662-45D9-B0CF-CBE8BB8160E6}.Debug|x64.Build.0 = Debug|Any CPU
		{A4EB46CA-1662-45D9-B0CF-CBE8BB8160E6}.Debug|x86.ActiveCfg = Debug|Any CPU
		{A4EB46CA-1662-45D9-B0CF-CBE8BB8160E6}.Debug|x86.Build.0 = Debug|Any CPU
		{A4EB46CA-1662-45D9-B0CF-CBE8BB8160E6}.Release|Any CPU.ActiveCfg = Release|Any CPU
		{A4EB46CA-1662-45D9-B0CF-CBE8BB8160E6}.Release|Any CPU.Build.0 = Release|Any CPU
		{A4EB46CA-1662-45D9-B0CF-CBE8BB8160E6}.Release|x64.ActiveCfg = Release|Any CPU
		{A4EB46CA-1662-45D9-B0CF-CBE8BB8160E6}.Release|x64.Build.0 = Release|Any CPU
		{A4EB46CA-1662-45D9-B0CF-CBE8BB8160E6}.Release|x86.ActiveCfg = Release|Any CPU
		{A4EB46CA-1662-45D9-B0CF-CBE8BB8160E6}.Release|x86.Build.0 = Release|Any CPU
		{5375D379-F6FC-4A53-9A8A-457F2A30162F}.Debug|Any CPU.ActiveCfg = Debug|Any CPU
		{5375D379-F6FC-4A53-9A8A-457F2A30162F}.Debug|Any CPU.Build.0 = Debug|Any CPU
		{5375D379-F6FC-4A53-9A8A-457F2A30162F}.Debug|x64.ActiveCfg = Debug|Any CPU
		{5375D379-F6FC-4A53-9A8A-457F2A30162F}.Debug|x64.Build.0 = Debug|Any CPU
		{5375D379-F6FC-4A53-9A8A-457F2A30162F}.Debug|x86.ActiveCfg = Debug|Any CPU
		{5375D379-F6FC-4A53-9A8A-457F2A30162F}.Debug|x86.Build.0 = Debug|Any CPU
		{5375D379-F6FC-4A53-9A8A-457F2A30162F}.Release|Any CPU.ActiveCfg = Release|Any CPU
		{5375D379-F6FC-4A53-9A8A-457F2A30162F}.Release|Any CPU.Build.0 = Release|Any CPU
		{5375D379-F6FC-4A53-9A8A-457F2A30162F}.Release|x64.ActiveCfg = Release|Any CPU
		{5375D379-F6FC-4A53-9A8A-457F2A30162F}.Release|x64.Build.0 = Release|Any CPU
		{5375D379-F6FC-4A53-9A8A-457F2A30162F}.Release|x86.ActiveCfg = Release|Any CPU
		{5375D379-F6FC-4A53-9A8A-457F2A30162F}.Release|x86.Build.0 = Release|Any CPU
	EndGlobalSection
	GlobalSection(SolutionProperties) = preSolution
		HideSolutionNode = FALSE
	EndGlobalSection
	GlobalSection(NestedProjects) = preSolution
		{F0D6C3B8-D7C4-466A-54D4-6EB613A629A3} = {D4176A17-D7E5-9C19-FD5F-8803B1692ECF}
		{50B17199-B20C-4E57-9C26-3CC9195C70D8} = {D4176A17-D7E5-9C19-FD5F-8803B1692ECF}
		{D7CDBD5C-7644-44F0-A783-89612FC274A4} = {47F0952E-E1B9-47D6-AA8A-37CDF0B459BC}
		{3FDA9C6B-39AF-4980-A5FF-1817C2278623} = {47F0952E-E1B9-47D6-AA8A-37CDF0B459BC}
		{AC4EE472-DC6A-445F-989E-E0287DB1E62C} = {47F0952E-E1B9-47D6-AA8A-37CDF0B459BC}
		{CCF5CBD4-1A4C-4CE4-A829-4F11DD1676B5} = {A837B970-622F-4200-BC68-AEE695F17898}
		{8266700B-2BE1-4B48-A392-33AD1834AB1E} = {AE61C528-FF0A-A1A2-0584-FA705841A90E}
		{54662858-4C72-42D5-9122-BC3CDC3E7B80} = {AE61C528-FF0A-A1A2-0584-FA705841A90E}
		{A4EB46CA-1662-45D9-B0CF-CBE8BB8160E6} = {1E7C7822-1A97-FCE8-C1CC-7282E8F41E48}
		{5375D379-F6FC-4A53-9A8A-457F2A30162F} = {1E7C7822-1A97-FCE8-C1CC-7282E8F41E48}
	EndGlobalSection
	GlobalSection(ExtensibilityGlobals) = postSolution
		SolutionGuid = {5E7C6AE2-00ED-493B-97FB-36CAA6DEF804}
	EndGlobalSection
EndGlobal
